
Microsoft Visual Studio Solution File, Format Version 12.00
# Visual Studio Version 16
VisualStudioVersion = 16.0.29102.190
MinimumVisualStudioVersion = 10.0.40219.1
Project("{FAE04EC0-301F-11D3-BF4B-00C04F79EFBC}") = "EmployeeCRUDApplicationExample", "EmployeeCRUDApplicationExample\EmployeeCRUDApplicationExample.csproj", "{D47A20CD-0AC1-4C01-A719-F6966EFC96A2}"
EndProject
Project("{FAE04EC0-301F-11D3-BF4B-00C04F79EFBC}") = "EmployeeComponent", "EmployeeComponent\EmployeeComponent.csproj", "{242E38F3-6164-46FA-9595-53868BA1F7B5}"
EndProject
Global
	GlobalSection(SolutionConfigurationPlatforms) = preSolution
		Debug|Any CPU = Debug|Any CPU
		Release|Any CPU = Release|Any CPU
	EndGlobalSection
	GlobalSection(ProjectConfigurationPlatforms) = postSolution
		{D47A20CD-0AC1-4C01-A719-F6966EFC96A2}.Debug|Any CPU.ActiveCfg = Debug|Any CPU
		{D47A20CD-0AC1-4C01-A719-F6966EFC96A2}.Debug|Any CPU.Build.0 = Debug|Any CPU
		{D47A20CD-0AC1-4C01-A719-F6966EFC96A2}.Release|Any CPU.ActiveCfg = Release|Any CPU
		{D47A20CD-0AC1-4C01-A719-F6966EFC96A2}.Release|Any CPU.Build.0 = Release|Any CPU
		{242E38F3-6164-46FA-9595-53868BA1F7B5}.Debug|Any CPU.ActiveCfg = Debug|Any CPU
		{242E38F3-6164-46FA-9595-53868BA1F7B5}.Debug|Any CPU.Build.0 = Debug|Any CPU
		{242E38F3-6164-46FA-9595-53868BA1F7B5}.Release|Any CPU.ActiveCfg = Release|Any CPU
		{242E38F3-6164-46FA-9595-53868BA1F7B5}.Release|Any CPU.Build.0 = Release|Any CPU
	EndGlobalSection
	GlobalSection(SolutionProperties) = preSolution
		HideSolutionNode = FALSE
	EndGlobalSection
	GlobalSection(ExtensibilityGlobals) = postSolution
		SolutionGuid = {2D3097DC-E82D-407A-9D5B-DD5E45C39C14}
	EndGlobalSection
EndGlobal
